PODS:
  - PDFNet (7.0.0.71974)

DEPENDENCIES:
  - PDFNet (from `https://www.pdftron.com/downloads/ios/cocoapods/pdfnet/latest.podspec`)

EXTERNAL SOURCES:
  PDFNet:
    :podspec: https://www.pdftron.com/downloads/ios/cocoapods/pdfnet/latest.podspec

SPEC CHECKSUMS:
  PDFNet: 7f766527ac62549f4d9bd2e6f7986c669af93f85

PODFILE CHECKSUM: bf5099e5b8cd479b79d888772c5399046581e942

COCOAPODS: 1.5.3
