PODS:
  - PDFNet (6.10.6.71256)

DEPENDENCIES:
  - PDFNet (from `https://www.pdftron.com/downloads/ios/cocoapods/pdfnet/latest.podspec`)

EXTERNAL SOURCES:
  PDFNet:
    :podspec: https://www.pdftron.com/downloads/ios/cocoapods/pdfnet/latest.podspec

SPEC CHECKSUMS:
  PDFNet: d9a270c529272d5bff5c1c8b393e0f5f0b8b4a92

PODFILE CHECKSUM: bf5099e5b8cd479b79d888772c5399046581e942

COCOAPODS: 1.5.3
